{
    "_meta": {
        "hash": {
            "sha256": "e91e4b94155eba6418d9312fc8581806e6ec59d8aed6db01b93f7328696f9158"
        },
        "pipfile-spec": 6,
        "requires": {
            "python_version": "3.6"
        },
        "sources": [
            {
                "name": "pypi",
                "url": "https://pypi.org/simple",
                "verify_ssl": true
            }
        ]
    },
    "default": {
        "amqp": {
            "hashes": [
                "sha256:073dd02fdd73041bffc913b767866015147b61f2a9bc104daef172fc1a0066eb",
                "sha256:eed41946890cd43e8dee44a316b85cf6fee5a1a34bb4a562b660a358eb529e1b"
            ],
            "version": "==2.3.2"
        },
        "bagit": {
            "hashes": [
                "sha256:f248a3dad06fd3e5d329217baace6ade79d106579696b13e2c0bbc583101ded4"
            ],
            "index": "pypi",
            "version": "==1.7.0"
        },
        "billiard": {
            "hashes": [
                "sha256:ed65448da5877b5558f19d2f7f11f8355ea76b3e63e1c0a6059f47cfae5f1c84"
            ],
            "version": "==3.5.0.4"
        },
        "boto3": {
            "hashes": [
                "sha256:4c45dc363daba811baeb7b6307ddf5c60beb9a43e1d0707d0786cd9acb20b563",
                "sha256:767bc7273d4a3580d87b605bfe240745dcbdd7828e1dc85fa69ae692f56cfd00"
            ],
            "index": "pypi",
            "version": "==1.9.37"
        },
        "botocore": {
            "hashes": [
                "sha256:a256dbe50b05111a53640ac5defd71aa589d1fab27bd7df7310d7f0da72447a7",
                "sha256:eed1b39027ee882ebd0df10dcb7307db20fc4b468debae513dc183743e850d17"
            ],
            "index": "pypi",
            "version": "==1.12.37"
        },
        "celery": {
            "hashes": [
                "sha256:77dab4677e24dc654d42dfbdfed65fa760455b6bb563a0877ecc35f4cfcfc678",
                "sha256:ad7a7411772b80a4d6c64f2f7f723200e39fb66cf614a7fdfab76d345acc7b13"
            ],
            "index": "pypi",
            "version": "==4.2.1"
        },
        "certifi": {
            "hashes": [
                "sha256:339dc09518b07e2fa7eda5450740925974815557727d6bd35d319c1524a04a4c",
                "sha256:6d58c986d22b038c8c0df30d639f23a3e6d172a05c3583e766f4c0b785c0986a"
            ],
            "version": "==2018.10.15"
        },
        "chardet": {
            "hashes": [
                "sha256:84ab92ed1c4d4f16916e05906b6b75a6c0fb5db821cc65e70cbd64a3e2a5eaae",
                "sha256:fc323ffcaeaed0e0a02bf4d117757b98aed530d9ed4531e3e15460124c106691"
            ],
            "version": "==3.0.4"
        },
        "confusable-homoglyphs": {
            "hashes": [
                "sha256:3b4a0d9fa510669498820c91a0bfc0c327568cecec90648cf3819d4a6fc6a751",
                "sha256:e3ce611028d882b74a5faa69e3cbb5bd4dcd9f69936da6e73d33eda42c917944"
            ],
            "index": "pypi",
            "version": "==3.2.0"
        },
        "coreapi": {
            "hashes": [
                "sha256:46145fcc1f7017c076a2ef684969b641d18a2991051fddec9458ad3f78ffc1cb",
                "sha256:bf39d118d6d3e171f10df9ede5666f63ad80bba9a29a8ec17726a66cf52ee6f3"
            ],
            "index": "pypi",
            "version": "==2.3.3"
        },
        "coreschema": {
            "hashes": [
                "sha256:5e6ef7bf38c1525d5e55a895934ab4273548629f16aed5c0a6caa74ebf45551f",
                "sha256:9503506007d482ab0867ba14724b93c18a33b22b6d19fb419ef2d239dd4a1607"
            ],
            "version": "==0.0.4"
        },
        "django": {
            "hashes": [
                "sha256:25df265e1fdb74f7e7305a1de620a84681bcc9c05e84a3ed97e4a1a63024f18d",
                "sha256:d6d94554abc82ca37e447c3d28958f5ac39bd7d4adaa285543ae97fb1129fd69"
            ],
            "index": "pypi",
            "version": "==2.0.9"
        },
        "django-bittersweet": {
            "hashes": [
                "sha256:0d14ee9f533647b8c325703d2d778b868ba046dc0e065920c100d8418013dec0",
                "sha256:3e7b1b6b242a71c273ff41d097b80d5fd558b791f541424726c20a646084fe1a"
            ],
            "index": "pypi",
            "version": "==1.0.0"
        },
        "django-bootstrap4": {
            "hashes": [
                "sha256:32ffee49c4c8ca7df543aac8733a5d45ad304078f920a0167819525bd33a955a"
            ],
            "index": "pypi",
            "version": "==0.0.7"
        },
        "django-debug-toolbar": {
            "hashes": [
                "sha256:08e0e43f6c1fd9820af4cbdcd54b5fb80bf83a2e08b2cc952547a671174999b8",
                "sha256:1dcae28d430522debafde2602b3450eb784410b78e16c29a00448032df2a4c90"
            ],
            "index": "pypi",
            "version": "==1.10.1"
        },
        "django-elasticsearch-dsl": {
            "hashes": [
                "sha256:dffde3cc83b22d458aafdadb9df37288d37204c5c6b1a1d5ace87808615622fc"
            ],
            "index": "pypi",
            "version": "==0.5.0"
        },
        "django-haystack": {
            "hashes": [
                "sha256:8b54bcc926596765d0a3383d693bcdd76109c7abb6b2323b3984a39e3576028c"
            ],
            "index": "pypi",
            "version": "==2.8.1"
        },
        "django-maintenance-mode": {
            "hashes": [
                "sha256:87e9b5c5dcd10380d49bb485ec2c7de6ec9c3f082413b8a2cac95173d9746de9"
            ],
            "index": "pypi",
            "version": "==0.11.0"
        },
        "django-prometheus-metrics": {
            "hashes": [
                "sha256:e91c4ff65278ed5f504e19134213a30ac76f349e739d17a06cf6affcfa31b882"
            ],
            "index": "pypi",
            "version": "==0.0.1"
        },
        "django-ranged-response": {
            "hashes": [
                "sha256:f71fff352a37316b9bead717fc76e4ddd6c9b99c4680cdf4783b9755af1cf985"
            ],
            "version": "==0.2.0"
        },
        "django-ratelimit": {
            "hashes": [
                "sha256:3c954ca36ad66675a3bb079f526b4234a3d0092954f8e84820132b77e87c00e0",
                "sha256:6e1c88b22055c49dc5abf721340fdc39a35de5f310f81acc3752c689ece71a15"
            ],
            "index": "pypi",
            "version": "==1.1.0"
        },
        "django-registration": {
            "hashes": [
                "sha256:0527be82f3f62233c7b7a4fe6b0217832cbde2c6d8ea5008e8233a764f9a2543",
                "sha256:8f1960d1780804b67afb6b202c98cdfaca030a202bc7a263bf80e32f9c8a6984"
            ],
            "index": "pypi",
            "version": "==3.0"
        },
        "django-robots": {
            "hashes": [
                "sha256:59baa054fc38751f1d6a38e873e0a7e431b646b5ee757534544da05c3873a213",
                "sha256:ec70cf2d60f6c105cfbdbe2686cdea5f13897bb772c76e4002bee26e2ae23eb1"
            ],
            "index": "pypi",
            "version": "==3.1.0"
        },
        "django-simple-captcha": {
            "hashes": [
                "sha256:0c30a14f02502119fd1a4d308dd5d2b899d0f4284825a396bbb010afd904754a"
            ],
            "index": "pypi",
            "version": "==0.5.9"
        },
        "django-storages": {
            "hashes": [
                "sha256:8e35d2c7baeda5dc6f0b4f9a0fc142d25f9a1bf72b8cebfcbc5db4863abc552d",
                "sha256:b1a63cd5ea286ee5a9fb45de6c3c5c0ae132d58308d06f1ce9865cfcd5e470a7"
            ],
            "index": "pypi",
            "version": "==1.7.1"
        },
        "django-tabular-export": {
            "hashes": [
                "sha256:ee4c9c41ce721d7f3c7c13853c5f76ed687a52fa1f96335fc6f9d79bb3d9ca4d",
                "sha256:effceddfb542b046b77e7b12e7bd8ec92a5b4ff2a9562ef0aec362e276d1b6dd"
            ],
            "index": "pypi",
            "version": "==1.1.0"
        },
        "docutils": {
            "hashes": [
                "sha256:02aec4bd92ab067f6ff27a38a38a41173bf01bed8f89157768c1573f53e474a6",
                "sha256:51e64ef2ebfb29cae1faa133b3710143496eca21c530f3f71424d77687764274",
                "sha256:7a4bd47eaf6596e1295ecb11361139febe29b084a87bf005bf899f9a42edc3c6"
            ],
            "version": "==0.14"
        },
        "elasticsearch": {
            "hashes": [
                "sha256:7546cc08e3899716e12fe67d12d7cfe9a64647014d1134b014c3c392b63cad42",
                "sha256:aada5cfdc4a543c47098eb3aca6663848ef5d04b4324935ced441debc11ec98b"
            ],
            "version": "==6.3.1"
        },
        "elasticsearch-dsl": {
            "hashes": [
                "sha256:5114a38a88e93a4663782eae07a1e8084ba333c49887335c83de8b8043bc72b2",
                "sha256:d6d974cd2289543a3350690494a43fe9996485b8dc6f1d8758cb56bee01244bd"
            ],
            "index": "pypi",
            "version": "==6.1.0"
        },
        "et-xmlfile": {
            "hashes": [
                "sha256:614d9722d572f6246302c4491846d2c393c199cfa4edc9af593437691683335b"
            ],
            "version": "==1.0.1"
        },
        "gunicorn": {
            "hashes": [
                "sha256:aa8e0b40b4157b36a5df5e599f45c9c76d6af43845ba3b3b0efe2c70473c2471",
                "sha256:fa2662097c66f920f53f70621c6c58ca4a3c4d3434205e608e121b5b3b71f4f3"
            ],
            "index": "pypi",
            "version": "==19.9.0"
        },
        "idna": {
            "hashes": [
                "sha256:156a6814fb5ac1fc6850fb002e0852d56c0c8d2531923a51032d1b70760e186e",
                "sha256:684a38a6f903c1d71d6d5fac066b58d7768af4de2b832e426ec79c30daa94a16"
            ],
            "version": "==2.7"
        },
        "ipaddress": {
            "hashes": [
                "sha256:64b28eec5e78e7510698f6d4da08800a5c575caa4a286c93d651c5d3ff7b6794",
                "sha256:b146c751ea45cad6188dd6cf2d9b757f6f4f8d6ffb96a023e6f2e26eea02a72c"
            ],
            "version": "==1.0.22"
        },
        "itypes": {
            "hashes": [
                "sha256:c6e77bb9fd68a4bfeb9d958fea421802282451a25bac4913ec94db82a899c073"
            ],
            "version": "==1.1.0"
        },
        "jdcal": {
            "hashes": [
                "sha256:948fb8d079e63b4be7a69dd5f0cd618a0a57e80753de8248fd786a8a20658a07",
                "sha256:ea0a5067c5f0f50ad4c7bdc80abad3d976604f6fb026b0b3a17a9d84bb9046c9"
            ],
            "version": "==1.4"
        },
        "jinja2": {
            "hashes": [
                "sha256:74c935a1b8bb9a3947c50a54766a969d4846290e1e788ea44c1392163723c3bd",
                "sha256:f84be1bb0040caca4cea721fcbbbbd61f9be9464ca236387158b0feea01914a4"
            ],
            "version": "==2.10"
        },
        "jmespath": {
            "hashes": [
                "sha256:6a81d4c9aa62caf061cb517b4d9ad1dd300374cd4706997aff9cd6aedd61fc64",
                "sha256:f11b4461f425740a1d908e9a3f7365c3d2e569f6ca68a2ff8bc5bcd9676edd63"
            ],
            "version": "==0.9.3"
        },
        "kombu": {
            "hashes": [
                "sha256:86adec6c60f63124e2082ea8481bbe4ebe04fde8ebed32c177c7f0cd2c1c9082",
                "sha256:b274db3a4eacc4789aeb24e1de3e460586db7c4fc8610f7adcc7a3a1709a60af"
            ],
            "version": "==4.2.1"
        },
        "markdown": {
            "hashes": [
                "sha256:c00429bd503a47ec88d5e30a751e147dcb4c6889663cd3e2ba0afe858e009baa",
                "sha256:d02e0f9b04c500cde6637c11ad7c72671f359b87b9fe924b2383649d8841db7c"
            ],
            "index": "pypi",
            "version": "==3.0.1"
        },
        "markupsafe": {
            "hashes": [
                "sha256:048ef924c1623740e70204aa7143ec592504045ae4429b59c30054cb31e3c432",
                "sha256:130f844e7f5bdd8e9f3f42e7102ef1d49b2e6fdf0d7526df3f87281a532d8c8b",
                "sha256:19f637c2ac5ae9da8bfd98cef74d64b7e1bb8a63038a3505cd182c3fac5eb4d9",
                "sha256:1b8a7a87ad1b92bd887568ce54b23565f3fd7018c4180136e1cf412b405a47af",
                "sha256:1c25694ca680b6919de53a4bb3bdd0602beafc63ff001fea2f2fc16ec3a11834",
                "sha256:1f19ef5d3908110e1e891deefb5586aae1b49a7440db952454b4e281b41620cd",
                "sha256:1fa6058938190ebe8290e5cae6c351e14e7bb44505c4a7624555ce57fbbeba0d",
                "sha256:31cbb1359e8c25f9f48e156e59e2eaad51cd5242c05ed18a8de6dbe85184e4b7",
                "sha256:3e835d8841ae7863f64e40e19477f7eb398674da6a47f09871673742531e6f4b",
                "sha256:4e97332c9ce444b0c2c38dd22ddc61c743eb208d916e4265a2a3b575bdccb1d3",
                "sha256:525396ee324ee2da82919f2ee9c9e73b012f23e7640131dd1b53a90206a0f09c",
                "sha256:52b07fbc32032c21ad4ab060fec137b76eb804c4b9a1c7c7dc562549306afad2",
                "sha256:52ccb45e77a1085ec5461cde794e1aa037df79f473cbc69b974e73940655c8d7",
                "sha256:5c3fbebd7de20ce93103cb3183b47671f2885307df4a17a0ad56a1dd51273d36",
                "sha256:5e5851969aea17660e55f6a3be00037a25b96a9b44d2083651812c99d53b14d1",
                "sha256:5edfa27b2d3eefa2210fb2f5d539fbed81722b49f083b2c6566455eb7422fd7e",
                "sha256:7d263e5770efddf465a9e31b78362d84d015cc894ca2c131901a4445eaa61ee1",
                "sha256:83381342bfc22b3c8c06f2dd93a505413888694302de25add756254beee8449c",
                "sha256:857eebb2c1dc60e4219ec8e98dfa19553dae33608237e107db9c6078b1167856",
                "sha256:98e439297f78fca3a6169fd330fbe88d78b3bb72f967ad9961bcac0d7fdd1550",
                "sha256:bf54103892a83c64db58125b3f2a43df6d2cb2d28889f14c78519394feb41492",
                "sha256:d9ac82be533394d341b41d78aca7ed0e0f4ba5a2231602e2f05aa87f25c51672",
                "sha256:e982fe07ede9fada6ff6705af70514a52beb1b2c3d25d4e873e82114cf3c5401",
                "sha256:edce2ea7f3dfc981c4ddc97add8a61381d9642dc3273737e756517cc03e84dd6",
                "sha256:efdc45ef1afc238db84cb4963aa689c0408912a0239b0721cb172b4016eb31d6",
                "sha256:f137c02498f8b935892d5c0172560d7ab54bc45039de8805075e19079c639a9c",
                "sha256:f82e347a72f955b7017a39708a3667f106e6ad4d10b25f237396a7115d8ed5fd",
                "sha256:fb7c206e01ad85ce57feeaaa0bf784b97fa3cad0d4a5737bc5295785f5c613a1"
            ],
            "version": "==1.1.0"
        },
        "openpyxl": {
            "hashes": [
                "sha256:022c0f3fa1e873cc0ba20651c54dd5e6276fc4ff150b4060723add4fc448645e"
            ],
            "index": "pypi",
            "version": "==2.5.9"
        },
        "pillow": {
            "hashes": [
                "sha256:00203f406818c3f45d47bb8fe7e67d3feddb8dcbbd45a289a1de7dd789226360",
                "sha256:0616f800f348664e694dddb0b0c88d26761dd5e9f34e1ed7b7a7d2da14b40cb7",
                "sha256:1f7908aab90c92ad85af9d2fec5fc79456a89b3adcc26314d2cde0e238bd789e",
                "sha256:2ea3517cd5779843de8a759c2349a3cd8d3893e03ab47053b66d5ec6f8bc4f93",
                "sha256:48a9f0538c91fc136b3a576bee0e7cd174773dc9920b310c21dcb5519722e82c",
                "sha256:5280ebc42641a1283b7b1f2c20e5b936692198b9dd9995527c18b794850be1a8",
                "sha256:5e34e4b5764af65551647f5cc67cf5198c1d05621781d5173b342e5e55bf023b",
                "sha256:63b120421ab85cad909792583f83b6ca3584610c2fe70751e23f606a3c2e87f0",
                "sha256:696b5e0109fe368d0057f484e2e91717b49a03f1e310f857f133a4acec9f91dd",
                "sha256:870ed021a42b1b02b5fe4a739ea735f671a84128c0a666c705db2cb9abd528eb",
                "sha256:916da1c19e4012d06a372127d7140dae894806fad67ef44330e5600d77833581",
                "sha256:9303a289fa0811e1c6abd9ddebfc770556d7c3311cb2b32eff72164ddc49bc64",
                "sha256:9577888ecc0ad7d06c3746afaba339c94d62b59da16f7a5d1cff9e491f23dace",
                "sha256:987e1c94a33c93d9b209315bfda9faa54b8edfce6438a1e93ae866ba20de5956",
                "sha256:99a3bbdbb844f4fb5d6dd59fac836a40749781c1fa63c563bc216c27aef63f60",
                "sha256:99db8dc3097ceafbcff9cb2bff384b974795edeb11d167d391a02c7bfeeb6e16",
                "sha256:a5a96cf49eb580756a44ecf12949e52f211e20bffbf5a95760ac14b1e499cd37",
                "sha256:aa6ca3eb56704cdc0d876fc6047ffd5ee960caad52452fbee0f99908a141a0ae",
                "sha256:aade5e66795c94e4a2b2624affeea8979648d1b0ae3fcee17e74e2c647fc4a8a",
                "sha256:b78905860336c1d292409e3df6ad39cc1f1c7f0964e66844bbc2ebfca434d073",
                "sha256:b92f521cdc4e4a3041cc343625b699f20b0b5f976793fb45681aac1efda565f8",
                "sha256:bfde84bbd6ae5f782206d454b67b7ee8f7f818c29b99fd02bf022fd33bab14cb",
                "sha256:c2b62d3df80e694c0e4a0ed47754c9480521e25642251b3ab1dff050a4e60409",
                "sha256:c5e2be6c263b64f6f7656e23e18a4a9980cffc671442795682e8c4e4f815dd9f",
                "sha256:c99aa3c63104e0818ec566f8ff3942fb7c7a8f35f9912cb63fd8e12318b214b2",
                "sha256:dae06620d3978da346375ebf88b9e2dd7d151335ba668c995aea9ed07af7add4",
                "sha256:db5499d0710823fa4fb88206050d46544e8f0e0136a9a5f5570b026584c8fd74",
                "sha256:f36baafd82119c4a114b9518202f2a983819101dcc14b26e43fc12cbefdce00e",
                "sha256:f52b79c8796d81391ab295b04e520bda6feed54d54931708872e8f9ae9db0ea1",
                "sha256:ff8cff01582fa1a7e533cb97f628531c4014af4b5f38e33cdcfe5eec29b6d888"
            ],
            "index": "pypi",
            "version": "==5.3.0"
        },
        "prometheus-client": {
            "hashes": [
                "sha256:046cb4fffe75e55ff0e6dfd18e2ea16e54d86cc330f369bebcc683475c8b68a9"
            ],
            "version": "==0.4.2"
        },
        "psycopg2": {
            "hashes": [
                "sha256:0b9e48a1c1505699a64ac58815ca99104aacace8321e455072cee4f7fe7b2698",
                "sha256:0f4c784e1b5a320efb434c66a50b8dd7e30a7dc047e8f45c0a8d2694bfe72781",
                "sha256:0fdbaa32c9eb09ef09d425dc154628fca6fa69d2f7c1a33f889abb7e0efb3909",
                "sha256:11fbf688d5c953c0a5ba625cc42dea9aeb2321942c7c5ed9341a68f865dc8cb1",
                "sha256:19eaac4eb25ab078bd0f28304a0cb08702d120caadfe76bb1e6846ed1f68635e",
                "sha256:3232ec1a3bf4dba97fbf9b03ce12e4b6c1d01ea3c85773903a67ced725728232",
                "sha256:36f8f9c216fcca048006f6dd60e4d3e6f406afde26cfb99e063f137070139eaf",
                "sha256:59c1a0e4f9abe970062ed35d0720935197800a7ef7a62b3a9e3a70588d9ca40b",
                "sha256:6506c5ff88750948c28d41852c09c5d2a49f51f28c6d90cbf1b6808e18c64e88",
                "sha256:6bc3e68ee16f571681b8c0b6d5c0a77bef3c589012352b3f0cf5520e674e9d01",
                "sha256:6dbbd7aabbc861eec6b910522534894d9dbb507d5819bc982032c3ea2e974f51",
                "sha256:6e737915de826650d1a5f7ff4ac6cf888a26f021a647390ca7bafdba0e85462b",
                "sha256:6ed9b2cfe85abc720e8943c1808eeffd41daa73e18b7c1e1a228b0b91f768ccc",
                "sha256:711ec617ba453fdfc66616db2520db3a6d9a891e3bf62ef9aba4c95bb4e61230",
                "sha256:844dacdf7530c5c612718cf12bc001f59b2d9329d35b495f1ff25045161aa6af",
                "sha256:86b52e146da13c896e50c5a3341a9448151f1092b1a4153e425d1e8b62fec508",
                "sha256:985c06c2a0f227131733ae58d6a541a5bc8b665e7305494782bebdb74202b793",
                "sha256:a86dfe45f4f9c55b1a2312ff20a59b30da8d39c0e8821d00018372a2a177098f",
                "sha256:aa3cd07f7f7e3183b63d48300666f920828a9dbd7d7ec53d450df2c4953687a9",
                "sha256:b1964ed645ef8317806d615d9ff006c0dadc09dfc54b99ae67f9ba7a1ec9d5d2",
                "sha256:b2abbff9e4141484bb89b96eb8eae186d77bc6d5ffbec6b01783ee5c3c467351",
                "sha256:cc33c3a90492e21713260095f02b12bee02b8d1f2c03a221d763ce04fa90e2e9",
                "sha256:d7de3bf0986d777807611c36e809b77a13bf1888f5c8db0ebf24b47a52d10726",
                "sha256:db5e3c52576cc5b93a959a03ccc3b02cb8f0af1fbbdc80645f7a215f0b864f3a",
                "sha256:e168aa795ffbb11379c942cf95bf813c7db9aa55538eb61de8c6815e092416f5",
                "sha256:e9ca911f8e2d3117e5241d5fa9aaa991cb22fb0792627eeada47425d706b5ec8",
                "sha256:eccf962d41ca46e6326b97c8fe0a6687b58dfc1a5f6540ed071ff1474cea749e",
                "sha256:efa19deae6b9e504a74347fe5e25c2cb9343766c489c2ae921b05f37338b18d1",
                "sha256:f4b0460a21f784abe17b496f66e74157a6c36116fa86da8bf6aa028b9e8ad5fe",
                "sha256:f93d508ca64d924d478fb11e272e09524698f0c581d9032e68958cfbdd41faef"
            ],
            "index": "pypi",
            "version": "==2.7.5"
        },
        "psycopg2-binary": {
            "hashes": [
                "sha256:04afb59bbbd2eab3148e6816beddc74348078b8c02a1113ea7f7822f5be4afe3",
                "sha256:098b18f4d8857a8f9b206d1dc54db56c2255d5d26458917e7bcad61ebfe4338f",
                "sha256:0bf855d4a7083e20ead961fda4923887094eaeace0ab2d76eb4aa300f4bbf5bd",
                "sha256:197dda3ffd02057820be83fe4d84529ea70bf39a9a4daee1d20ffc74eb3d042e",
                "sha256:278ef63afb4b3d842b4609f2c05ffbfb76795cf6a184deeb8707cd5ed3c981a5",
                "sha256:3cbf8c4fc8f22f0817220891cf405831559f4d4c12c4f73913730a2ea6c47a47",
                "sha256:4305aed922c4d9d6163ab3a41d80b5a1cfab54917467da8168552c42cad84d32",
                "sha256:47ee296f704fb8b2a616dec691cdcfd5fa0f11943955e88faa98cbd1dc3b3e3d",
                "sha256:4a0e38cb30457e70580903367161173d4a7d1381eb2f2cfe4e69b7806623f484",
                "sha256:4d6c294c6638a71cafb82a37f182f24321f1163b08b5d5ca076e11fe838a3086",
                "sha256:4f3233c366500730f839f92833194fd8f9a5c4529c8cd8040aa162c3740de8e5",
                "sha256:5221f5a3f4ca2ddf0d58e8b8a32ca50948be9a43351fda797eb4e72d7a7aa34d",
                "sha256:5c6ca0b507540a11eaf9e77dee4f07c131c2ec80ca0cffa146671bf690bc1c02",
                "sha256:789bd89d71d704db2b3d5e67d6d518b158985d791d3b2dec5ab85457cfc9677b",
                "sha256:7b94d29239efeaa6a967f3b5971bd0518d2a24edd1511edbf4a2c8b815220d07",
                "sha256:89bc65ef3301c74cf32db25334421ea6adbe8f65601ea45dcaaf095abed910bb",
                "sha256:89d6d3a549f405c20c9ae4dc94d7ed2de2fa77427a470674490a622070732e62",
                "sha256:97521704ac7127d7d8ba22877da3c7bf4a40366587d238ec679ff38e33177498",
                "sha256:a395b62d5f44ff6f633231abe568e2203b8fabf9797cd6386aa92497df912d9a",
                "sha256:a6d32c37f714c3f34158f3fa659f3a8f2658d5f53c4297d45579b9677cc4d852",
                "sha256:a89ee5c26f72f2d0d74b991ce49e42ddeb4ac0dc2d8c06a0f2770a1ab48f4fe0",
                "sha256:b4c8b0ef3608e59317bfc501df84a61e48b5445d45f24d0391a24802de5f2d84",
                "sha256:b5fcf07140219a1f71e18486b8dc28e2e1b76a441c19374805c617aa6d9a9d55",
                "sha256:b86f527f00956ecebad6ab3bb30e3a75fedf1160a8716978dd8ce7adddedd86f",
                "sha256:be4c4aa22ba22f70de36c98b06480e2f1697972d49eb20d525f400d204a6d272",
                "sha256:c2ac7aa1a144d4e0e613ac7286dae85671e99fe7a1353954d4905629c36b811c",
                "sha256:de26ef4787b5e778e8223913a3e50368b44e7480f83c76df1f51d23bd21cea16",
                "sha256:e70ebcfc5372dc7b699c0110454fc4263967f30c55454397e5769eb72c0eb0ce",
                "sha256:eadbd32b6bc48b67b0457fccc94c86f7ccc8178ab839f684eb285bb592dc143e",
                "sha256:ecbc6dfff6db06b8b72ae8a2f25ff20fbdcb83cb543811a08f7cb555042aa729"
            ],
            "index": "pypi",
            "version": "==2.7.5"
        },
        "pylibmc": {
            "hashes": [
                "sha256:fc54e28a9f1b5b2ec0c030da29c7ad8a15c2755bd98aaa4142eaf419d5fabb33"
            ],
            "index": "pypi",
            "version": "==1.5.2"
        },
        "python-dateutil": {
            "hashes": [
                "sha256:063df5763652e21de43de7d9e00ccf239f953a832941e37be541614732cdfc93",
                "sha256:88f9287c0174266bb0d8cedd395cfba9c58e87e5ad86b2ce58859bc11be3cf02"
            ],
            "markers": "python_version >= '2.7'",
            "version": "==2.7.5"
        },
        "python-memcached": {
            "hashes": [
                "sha256:4dac64916871bd3550263323fc2ce18e1e439080a2d5670c594cf3118d99b594",
                "sha256:a2e28637be13ee0bf1a8b6843e7490f9456fd3f2a4cb60471733c7b5d5557e4f"
            ],
            "index": "pypi",
            "version": "==1.59"
        },
        "pytz": {
            "hashes": [
                "sha256:31cb35c89bd7d333cd32c5f278fca91b523b0834369e757f4c5641ea252236ca",
                "sha256:8e0f8568c118d3077b46be7d654cc8167fa916092e28320cde048e54bfc9f1e6"
            ],
            "version": "==2018.7"
        },
        "raven": {
            "hashes": [
                "sha256:3fd787d19ebb49919268f06f19310e8112d619ef364f7989246fc8753d469888",
                "sha256:95f44f3ea2c1b176d5450df4becdb96c15bf2632888f9ab193e9dd22300ce46a"
            ],
            "index": "pypi",
            "version": "==6.9.0"
        },
        "requests": {
            "hashes": [
                "sha256:99dcfdaaeb17caf6e526f32b6a7b780461512ab3f1d992187801694cba42770c",
                "sha256:a84b8c9ab6239b578f22d1c21d51b696dcfe004032bb80ea832398d6909d7279"
            ],
            "index": "pypi",
            "version": "==2.20.0"
        },
        "s3transfer": {
            "hashes": [
                "sha256:90dc18e028989c609146e241ea153250be451e05ecc0c2832565231dacdf59c1",
                "sha256:c7a9ec356982d5e9ab2d4b46391a7d6a950e2b04c472419f5fdec70cc0ada72f"
            ],
            "version": "==0.1.13"
        },
        "setuptools-scm": {
            "hashes": [
                "sha256:1191f2a136b5e86f7ca8ab00a97ef7aef997131f1f6d4971be69a1ef387d8b40",
                "sha256:cc6953d224a22f10e933fa2f55c95979317c55259016adcf93310ba2997febfa"
            ],
            "index": "pypi",
            "version": "==3.1.0"
        },
        "six": {
            "hashes": [
                "sha256:70e8a77beed4562e7f14fe23a786b54f6296e34344c23bc42f07b15018ff98e9",
                "sha256:832dc0e10feb1aa2c68dcc57dbb658f1c7e65b9b61af69048abc87a2db00a0eb"
            ],
            "version": "==1.11.0"
        },
        "sqlparse": {
            "hashes": [
                "sha256:ce028444cfab83be538752a2ffdb56bc417b7784ff35bb9a3062413717807dec",
                "sha256:d9cf190f51cbb26da0412247dfe4fb5f4098edb73db84e02f9fc21fdca31fed4"
            ],
            "version": "==0.2.4"
        },
        "uritemplate": {
            "hashes": [
                "sha256:01c69f4fe8ed503b2951bef85d996a9d22434d2431584b5b107b2981ff416fbd",
                "sha256:1b9c467a940ce9fb9f50df819e8ddd14696f89b9a8cc87ac77952ba416e0a8fd",
                "sha256:c02643cebe23fc8adb5e6becffe201185bf06c40bda5c0b4028a93f1527d011d"
            ],
            "version": "==3.0.0"
        },
        "urllib3": {
            "hashes": [
                "sha256:61bf29cada3fc2fbefad4fdf059ea4bd1b4a86d2b6d15e1c7c0b582b9752fe39",
                "sha256:de9529817c93f27c8ccbfead6985011db27bd0ddfcdb2d86f3f663385c6a9c22"
            ],
            "markers": "python_version >= '3.4'",
            "version": "==1.24.1"
        },
        "vine": {
            "hashes": [
                "sha256:52116d59bc45392af9fdd3b75ed98ae48a93e822cee21e5fda249105c59a7a72",
                "sha256:6849544be74ec3638e84d90bc1cf2e1e9224cc10d96cd4383ec3f69e9bce077b"
            ],
            "version": "==1.1.4"
        },
        "whitenoise": {
            "hashes": [
                "sha256:133a92ff0ab8fb9509f77d4f7d0de493eca19c6fea973f4195d4184f888f2e02",
                "sha256:32b57d193478908a48acb66bf73e7a3c18679263e3e64bfebcfac1144a430039"
            ],
            "index": "pypi",
            "version": "==4.1"
        },
        "whoosh": {
            "hashes": [
                "sha256:7ca5633dbfa9e0e0fa400d3151a8a0c4bec53bd2ecedc0a67705b17565c31a83",
                "sha256:aa39c3c3426e3fd107dcb4bde64ca1e276a65a889d9085a6e4b54ba82420a852",
                "sha256:e0857375f63e9041e03fedd5b7541f97cf78917ac1b6b06c1fcc9b45375dda69"
            ],
            "index": "pypi",
            "version": "==2.7.4"
        },
        "xlsxwriter": {
            "hashes": [
                "sha256:7cc07619760641b67112dbe0df938399d4d915d9b9924bb58eb5c17384d29cc6",
                "sha256:ae22658a0fc5b9e875fa97c213d1ffd617d86dc49bf08be99ebdac814db7bf36"
            ],
            "version": "==1.1.2"
        }
    },
    "develop": {
        "appdirs": {
            "hashes": [
                "sha256:9e5896d1372858f8dd3344faf4e5014d21849c756c8d5701f78f8a103b372d92",
                "sha256:d8b24664561d0d34ddfaec54636d502d7cea6e29c3eaf68f3df6180863e2166e"
            ],
            "version": "==1.4.3"
        },
        "aspy.yaml": {
            "hashes": [
                "sha256:04d26279513618f1024e1aba46471db870b3b33aef204c2d09bcf93bea9ba13f",
                "sha256:0a77e23fafe7b242068ffc0252cee130d3e509040908fc678d9d1060e7494baa"
            ],
            "version": "==1.1.1"
        },
        "attrs": {
            "hashes": [
                "sha256:10cbf6e27dbce8c30807caf056c8eb50917e0eaafe86347671b57254006c3e69",
                "sha256:ca4be454458f9dec299268d472aaa5a11f67a4ff70093396e1ceae9c76cf4bbb"
            ],
            "version": "==18.2.0"
        },
        "black": {
            "hashes": [
                "sha256:817243426042db1d36617910df579a54f1afd659adb96fc5032fcf4b36209739",
                "sha256:e030a9a28f542debc08acceb273f228ac422798e5215ba2a791a6ddeaaca22a5"
            ],
            "index": "pypi",
            "version": "==18.9b0"
        },
        "cached-property": {
            "hashes": [
                "sha256:3a026f1a54135677e7da5ce819b0c690f156f37976f3e30c5430740725203d7f",
                "sha256:9217a59f14a5682da7c4b8829deadbfc194ac22e9908ccf7c8820234e80a1504"
            ],
            "version": "==1.5.1"
        },
        "cfgv": {
            "hashes": [
                "sha256:73f48a752bd7aab103c4b882d6596c6360b7aa63b34073dd2c35c7b4b8f93010",
                "sha256:d1791caa9ff5c0c7bce80e7ecc1921752a2eb7c2463a08ed9b6c96b85a2f75aa"
            ],
            "version": "==1.1.0"
        },
        "click": {
            "hashes": [
                "sha256:2335065e6395b9e67ca716de5f7526736bfa6ceead690adf616d925bdc622b13",
                "sha256:5b94b49521f6456670fdb30cd82a4eca9412788a93fa6dd6df72c94d5a8ff2d7"
            ],
            "version": "==7.0"
        },
        "coverage": {
            "hashes": [
                "sha256:043d55226aec1d2baf4b2fcab5c204561ccf184a388096f41e396c1c092aff38",
                "sha256:10bfd0b80b01d0684f968abbe1186bc19962e07b4b7601bb43b175b617cf689d",
                "sha256:17e59864f19b3233032edb0566f26c25cc7f599503fb34d2645b5ce1fd6c2c3c",
                "sha256:2105ee183c51fed27e2b6801029b3903f5c2774c78e3f53bd920ca468d0f5679",
                "sha256:236505d15af6c7b7bfe2a9485db4b2bdea21d9239351483326184314418c79a8",
                "sha256:237284425271db4f30d458b355decf388ab20b05278bdf8dc9a65de0973726c6",
                "sha256:26d8eea4c840b73c61a1081d68bceb57b21a2d4f7afda6cac8ac38cb05226b00",
                "sha256:39a3740f7721155f4269aedf67b211101c07bd2111b334dfd69b807156ab15d9",
                "sha256:4bd0c42db8efc8a60965769796d43a5570906a870bc819f7388860aa72779d1b",
                "sha256:4dcddadea47ac30b696956bd18365cd3a86724821656601151e263b86d34798f",
                "sha256:51ea341289ac4456db946a25bd644f5635e5ae3793df262813cde875887d25c8",
                "sha256:5415cafb082dad78935b3045c2e5d8907f436d15ad24c3fdb8e1839e084e4961",
                "sha256:5631f1983074b33c35dbb84607f337b9d7e9808116d7f0f2cb7b9d6d4381d50e",
                "sha256:5e9249bc361cd22565fd98590a53fd25a3dd666b74791ed7237fa99de938bbed",
                "sha256:6a48746154f1331f28ef9e889c625b5b15a36cb86dd8021b4bdd1180a2186aa5",
                "sha256:71d376dbac64855ed693bc1ca121794570fe603e8783cdfa304ec6825d4e768f",
                "sha256:749ebd8a615337747592bd1523dfc4af7199b2bf6403b55f96c728668aeff91f",
                "sha256:8ec528b585b95234e9c0c31dcd0a89152d8ed82b4567aa62dbcb3e9a0600deee",
                "sha256:a1a9ccd879811437ca0307c914f136d6edb85bd0470e6d4966c6397927bcabd9",
                "sha256:abd956c334752776230b779537d911a5a12fcb69d8fd3fe332ae63a140301ae6",
                "sha256:ad18f836017f2e8881145795f483636564807aaed54223459915a0d4735300cf",
                "sha256:b07ac0b1533298ddbc54c9bf3464664895f22899fec027b8d6c8d3ac59023283",
                "sha256:d9385f1445e30e8e42b75a36a7899ea1fd0f5784233a626625d70f9b087de404",
                "sha256:db2d1fcd32dbeeb914b2660af1838e9c178b75173f95fd221b1f9410b5d3ef1d",
                "sha256:e1dec211147f1fd7cb7a0f9a96aeeca467a5af02d38911307b3b8c2324f9917e",
                "sha256:e96dffc1fa57bb8c1c238f3d989341a97302492d09cb11f77df031112621c35c",
                "sha256:ed4d97eb0ecdee29d0748acd84e6380729f78ce5ba0c7fe3401801634c25a1c5"
            ],
            "index": "pypi",
            "version": "==5.0a3"
        },
        "django": {
            "hashes": [
                "sha256:25df265e1fdb74f7e7305a1de620a84681bcc9c05e84a3ed97e4a1a63024f18d",
                "sha256:d6d94554abc82ca37e447c3d28958f5ac39bd7d4adaa285543ae97fb1129fd69"
            ],
            "index": "pypi",
            "version": "==2.0.9"
        },
        "django-debug-toolbar": {
            "hashes": [
                "sha256:08e0e43f6c1fd9820af4cbdcd54b5fb80bf83a2e08b2cc952547a671174999b8",
                "sha256:1dcae28d430522debafde2602b3450eb784410b78e16c29a00448032df2a4c90"
            ],
            "index": "pypi",
            "version": "==1.10.1"
        },
        "django-extensions": {
            "hashes": [
                "sha256:30cb6a8c7d6f75a55edf0c0c4491bd98f8264ae1616ce105f9cecac4387edd07",
                "sha256:4ad86a7a5e84f1c77db030761ae87a600647250c652030a2b71a16e87f3a3d62"
            ],
            "index": "pypi",
            "version": "==2.1.3"
        },
        "flake8": {
            "hashes": [
                "sha256:6a35f5b8761f45c5513e3405f110a86bea57982c3b75b766ce7b65217abe1670",
                "sha256:c01f8a3963b3571a8e6bd7a4063359aff90749e160778e03817cd9b71c9e07d2"
            ],
            "index": "pypi",
            "version": "==3.6.0"
        },
        "identify": {
            "hashes": [
                "sha256:5e956558a9a1e3b3891d7c6609fc9709657a11878af288ace484d1a46a93922b",
                "sha256:623086059219cc7b86c77a3891f3700cb175d4ce02b8fb8802b047301d71e783"
            ],
            "version": "==1.1.7"
        },
        "importlib-metadata": {
            "hashes": [
                "sha256:36b02c84f9001adf65209fefdf951be8e9014a95eab9938c0779ad5670359b1c",
                "sha256:60b6481a72908c93ccb707abeb926fb5a15319b9e6f0b76639a718837ee12de0"
            ],
            "version": "==0.6"
        },
        "invoke": {
            "hashes": [
                "sha256:4f4de934b15c2276caa4fbc5a3b8a61c0eb0b234f2be1780d2b793321995c2d6",
                "sha256:dc492f8f17a0746e92081aec3f86ae0b4750bf41607ea2ad87e5a7b5705121b7",
                "sha256:eb6f9262d4d25b40330fb21d1e99bf0f85011ccc3526980f8a3eaedd4b43892e"
            ],
            "index": "pypi",
            "version": "==1.2.0"
        },
        "isort": {
            "hashes": [
                "sha256:1153601da39a25b14ddc54955dbbacbb6b2d19135386699e2ad58517953b34af",
                "sha256:b9c40e9750f3d77e6e4d441d8b0266cf555e7cdabdcff33c4fd06366ca761ef8",
                "sha256:ec9ef8f4a9bc6f71eec99e1806bfa2de401650d996c59330782b89a5555c1497"
            ],
            "index": "pypi",
            "version": "==4.3.4"
        },
        "mccabe": {
            "hashes": [
                "sha256:ab8a6258860da4b6677da4bd2fe5dc2c659cff31b3ee4f7f5d64e79735b80d42",
                "sha256:dd8d182285a0fe56bace7f45b5e7d1a6ebcbf524e8f3bd87eb0f125271b8831f"
            ],
            "version": "==0.6.1"
        },
        "nodeenv": {
            "hashes": [
                "sha256:aa040ab5189bae17d272175609010be6c5b589ec4b8dbd832cc50c9e9cb7496f"
            ],
            "version": "==1.3.2"
        },
        "pre-commit": {
            "hashes": [
                "sha256:7542bd8ae1c58745175ea0a9295964ee82a10f7e18c4344f5e4c02bd85d02561",
                "sha256:87f687da6a2651d5067cfec95b854b004e95b70143cbf2369604bb3acbce25ec"
            ],
            "index": "pypi",
            "version": "==1.12.0"
        },
        "pycodestyle": {
            "hashes": [
                "sha256:cbc619d09254895b0d12c2c691e237b2e91e9b2ecf5e84c26b35400f93dcfb83",
                "sha256:cbfca99bd594a10f674d0cd97a3d802a1fdef635d4361e1a2658de47ed261e3a"
            ],
            "version": "==2.4.0"
        },
        "pyflakes": {
            "hashes": [
                "sha256:9a7662ec724d0120012f6e29d6248ae3727d821bba522a0e6b356eff19126a49",
                "sha256:f661252913bc1dbe7fcfcbf0af0db3f42ab65aabd1a6ca68fe5d466bace94dae"
            ],
            "version": "==2.0.0"
        },
        "pytz": {
            "hashes": [
                "sha256:31cb35c89bd7d333cd32c5f278fca91b523b0834369e757f4c5641ea252236ca",
                "sha256:8e0f8568c118d3077b46be7d654cc8167fa916092e28320cde048e54bfc9f1e6"
            ],
            "version": "==2018.7"
        },
        "pyyaml": {
            "hashes": [
                "sha256:254bf6fda2b7c651837acb2c718e213df29d531eebf00edb54743d10bcb694eb",
                "sha256:3108529b78577327d15eec243f0ff348a0640b0c3478d67ad7f5648f93bac3e2",
                "sha256:3c17fb92c8ba2f525e4b5f7941d850e7a48c3a59b32d331e2502a3cdc6648e76",
                "sha256:8d6d96001aa7f0a6a4a95e8143225b5d06e41b1131044913fecb8f85a125714b",
                "sha256:c8a88edd93ee29ede719080b2be6cb2333dfee1dccba213b422a9c8e97f2967b"
            ],
            "version": "==4.2b4"
        },
        "six": {
            "hashes": [
                "sha256:70e8a77beed4562e7f14fe23a786b54f6296e34344c23bc42f07b15018ff98e9",
                "sha256:832dc0e10feb1aa2c68dcc57dbb658f1c7e65b9b61af69048abc87a2db00a0eb"
            ],
            "version": "==1.11.0"
        },
        "sqlparse": {
            "hashes": [
                "sha256:ce028444cfab83be538752a2ffdb56bc417b7784ff35bb9a3062413717807dec",
                "sha256:d9cf190f51cbb26da0412247dfe4fb5f4098edb73db84e02f9fc21fdca31fed4"
            ],
            "version": "==0.2.4"
        },
        "toml": {
            "hashes": [
                "sha256:229f81c57791a41d65e399fc06bf0848bab550a9dfd5ed66df18ce5f05e73d5c",
                "sha256:235682dd292d5899d361a811df37e04a8828a5b1da3115886b73cf81ebc9100e"
            ],
            "version": "==0.10.0"
        },
        "virtualenv": {
            "hashes": [
                "sha256:686176c23a538ecc56d27ed9d5217abd34644823d6391cbeb232f42bf722baad",
                "sha256:f899fafcd92e1150f40c8215328be38ff24b519cd95357fa6e78e006c7638208"
            ],
            "version": "==16.1.0"
        }
    }
}
